# This file was autogenerated by Stack.
# You should not edit this file by hand.
# For more information, please see the documentation at:
#   https://docs.haskellstack.org/en/stable/topics/lock_files

packages:
- completed:
    hackage: chessIO-0.9.3.1@sha256:d66a556533fb2b64f2c6d2fe1886e6b80a8da2cc4ba86f303b61f8161c63d96c,5044
    pantry-tree:
      sha256: d664f13db3a89d5a9bad8957f4f51b18a1d55ae4f282fb4fc5fe7f0a39b6d021
      size: 1407
  original:
    hackage: chessIO-0.9.3.1@sha256:d66a556533fb2b64f2c6d2fe1886e6b80a8da2cc4ba86f303b61f8161c63d96c,5044
snapshots:
- completed:
    sha256: 057c5a66404132b661211de21bb4490f6df89c162752a17f0df5a0959381b869
    size: 726309
    url: https://raw.githubusercontent.com/commercialhaskell/stackage-snapshots/master/lts/24/10.yaml
  original:
    url: https://raw.githubusercontent.com/commercialhaskell/stackage-snapshots/master/lts/24/10.yaml
